
Microsoft Visual Studio Solution File, Format Version 12.00
# Visual Studio 15
VisualStudioVersion = 15.0.28307.489
MinimumVisualStudioVersion = 10.0.40219.1
Project("{FAE04EC0-301F-11D3-BF4B-00C04F79EFBC}") = "SignalChart", "SignalChart\SignalChart.csproj", "{63ADFEDE-D72F-458B-9E2C-8776E4E5E0F6}"
EndProject
Global
	GlobalSection(SolutionConfigurationPlatforms) = preSolution
		Debug|Any CPU = Debug|Any CPU
		Release|Any CPU = Release|Any CPU
	EndGlobalSection
	GlobalSection(ProjectConfigurationPlatforms) = postSolution
		{63ADFEDE-D72F-458B-9E2C-8776E4E5E0F6}.Debug|Any CPU.ActiveCfg = Debug|Any CPU
		{63ADFEDE-D72F-458B-9E2C-8776E4E5E0F6}.Debug|Any CPU.Build.0 = Debug|Any CPU
		{63ADFEDE-D72F-458B-9E2C-8776E4E5E0F6}.Release|Any CPU.ActiveCfg = Release|Any CPU
		{63ADFEDE-D72F-458B-9E2C-8776E4E5E0F6}.Release|Any CPU.Build.0 = Release|Any CPU
	EndGlobalSection
	GlobalSection(SolutionProperties) = preSolution
		HideSolutionNode = FALSE
	EndGlobalSection
	GlobalSection(ExtensibilityGlobals) = postSolution
		SolutionGuid = {C7160E40-3A80-48FF-A892-5F8EFA385AE1}
	EndGlobalSection
EndGlobal
